
Microsoft Visual Studio Solution File, Format Version 12.00
# Visual Studio Version 17
VisualStudioVersion = 17.14.36202.13 d17.14
MinimumVisualStudioVersion = 10.0.40219.1
Project("{FAE04EC0-301F-11D3-BF4B-00C04F79EFBC}") = "WebApplication", "WebApplication\WebApplication.csproj", "{3C59A952-68BB-4167-AF18-FCB41C897A84}"
EndProject
Global
	GlobalSection(SolutionConfigurationPlatforms) = preSolution
		Debug|Any CPU = Debug|Any CPU
		Release|Any CPU = Release|Any CPU
	EndGlobalSection
	GlobalSection(ProjectConfigurationPlatforms) = postSolution
		{3C59A952-68BB-4167-AF18-FCB41C897A84}.Debug|Any CPU.ActiveCfg = Debug|Any CPU
		{3C59A952-68BB-4167-AF18-FCB41C897A84}.Debug|Any CPU.Build.0 = Debug|Any CPU
		{3C59A952-68BB-4167-AF18-FCB41C897A84}.Release|Any CPU.ActiveCfg = Release|Any CPU
		{3C59A952-68BB-4167-AF18-FCB41C897A84}.Release|Any CPU.Build.0 = Release|Any CPU
	EndGlobalSection
	GlobalSection(SolutionProperties) = preSolution
		HideSolutionNode = FALSE
	EndGlobalSection
	GlobalSection(ExtensibilityGlobals) = postSolution
		SolutionGuid = {FA663AAA-C6FA-4DA9-9632-58B6BCE49A3B}
	EndGlobalSection
EndGlobal
